// !$*UTF8*$!
{
	archiveVersion = 1;
	classes = {
	};
	objectVersion = 52;
	objects = {

/* Begin PBXBuildFile section */
		4809B93423034B1100750CA0 /* SongLinkKit in Frameworks */ = {isa = PBXBuildFile; productRef = 4809B93323034B1100750CA0 /* SongLinkKit */; };
		4809B93623071D0300750CA0 /* README.md in Resources */ = {isa = PBXBuildFile; fileRef = 4809B93523071D0300750CA0 /* README.md */; };
		4809B9382308328500750CA0 /* PlaylistTableViewCell.swift in Sources */ = {isa = PBXBuildFile; fileRef = 4809B9372308328500750CA0 /* PlaylistTableViewCell.swift */; };
		4809B93B23096DDC00750CA0 /* FetchPlaylistsPlugin.swift in Sources */ = {isa = PBXBuildFile; fileRef = 4809B93A23096DDC00750CA0 /* FetchPlaylistsPlugin.swift */; };
		4809B93E230970ED00750CA0 /* ViewModel.swift in Sources */ = {isa = PBXBuildFile; fileRef = 4809B93D230970ED00750CA0 /* ViewModel.swift */; };
		4809B9402309746D00750CA0 /* FetchSongsPlugin.swift in Sources */ = {isa = PBXBuildFile; fileRef = 4809B93F2309746D00750CA0 /* FetchSongsPlugin.swift */; };
		4809B9422309761700750CA0 /* PluginTypes.swift in Sources */ = {isa = PBXBuildFile; fileRef = 4809B9412309761700750CA0 /* PluginTypes.swift */; };
		4809B9442309764900750CA0 /* SongsDatabasePlugin.swift in Sources */ = {isa = PBXBuildFile; fileRef = 4809B9432309764900750CA0 /* SongsDatabasePlugin.swift */; };
		4809B94623097D2300750CA0 /* DownloadSongPlugin.swift in Sources */ = {isa = PBXBuildFile; fileRef = 4809B94523097D2300750CA0 /* DownloadSongPlugin.swift */; };
		48FC0E692301D002009E901C /* AppDelegate.swift in Sources */ = {isa = PBXBuildFile; fileRef = 48FC0E682301D002009E901C /* AppDelegate.swift */; };
		48FC0E6B2301D002009E901C /* SceneDelegate.swift in Sources */ = {isa = PBXBuildFile; fileRef = 48FC0E6A2301D002009E901C /* SceneDelegate.swift */; };
		48FC0E732301D002009E901C /* Scapes.xcdatamodeld in Sources */ = {isa = PBXBuildFile; fileRef = 48FC0E712301D002009E901C /* Scapes.xcdatamodeld */; };
		48FC0E752301D003009E901C /* Assets.xcassets in Resources */ = {isa = PBXBuildFile; fileRef = 48FC0E742301D003009E901C /* Assets.xcassets */; };
		48FC0E782301D003009E901C /* LaunchScreen.storyboard in Resources */ = {isa = PBXBuildFile; fileRef = 48FC0E762301D003009E901C /* LaunchScreen.storyboard */; };
		48FC0E832301D003009E901C /* ScapesTests.swift in Sources */ = {isa = PBXBuildFile; fileRef = 48FC0E822301D003009E901C /* ScapesTests.swift */; };
		48FC0E8E2301D004009E901C /* ScapesUITests.swift in Sources */ = {isa = PBXBuildFile; fileRef = 48FC0E8D2301D004009E901C /* ScapesUITests.swift */; };
		48FC0EC72301D1E7009E901C /* Playlist.swift in Sources */ = {isa = PBXBuildFile; fileRef = 48FC0EA32301D1E6009E901C /* Playlist.swift */; };
		48FC0ECB2301D1E7009E901C /* Repository.swift in Sources */ = {isa = PBXBuildFile; fileRef = 48FC0EA82301D1E6009E901C /* Repository.swift */; };
		48FC0ECC2301D1E7009E901C /* SongLinkRepository.swift in Sources */ = {isa = PBXBuildFile; fileRef = 48FC0EA92301D1E6009E901C /* SongLinkRepository.swift */; };
		48FC0ECD2301D1E7009E901C /* UIColor+Extension.swift in Sources */ = {isa = PBXBuildFile; fileRef = 48FC0EAB2301D1E6009E901C /* UIColor+Extension.swift */; };
		48FC0ECE2301D1E7009E901C /* Collection+Extension.swift in Sources */ = {isa = PBXBuildFile; fileRef = 48FC0EAC2301D1E6009E901C /* Collection+Extension.swift */; };
		48FC0ECF2301D1E7009E901C /* RepoToken.swift in Sources */ = {isa = PBXBuildFile; fileRef = 48FC0EAD2301D1E6009E901C /* RepoToken.swift */; };
		48FC0ED02301D1E7009E901C /* NSObjectProtocol+Extensions.swift in Sources */ = {isa = PBXBuildFile; fileRef = 48FC0EAE2301D1E6009E901C /* NSObjectProtocol+Extensions.swift */; };
		48FC0ED12301D1E7009E901C /* SongLinkProvider.swift in Sources */ = {isa = PBXBuildFile; fileRef = 48FC0EB02301D1E6009E901C /* SongLinkProvider.swift */; };
		48FC0ED22301D1E7009E901C /* View+Extensions.swift in Sources */ = {isa = PBXBuildFile; fileRef = 48FC0EB32301D1E6009E901C /* View+Extensions.swift */; };
		48FC0ED32301D1E7009E901C /* DarkAlertController.swift in Sources */ = {isa = PBXBuildFile; fileRef = 48FC0EB42301D1E6009E901C /* DarkAlertController.swift */; };
		48FC0ED42301D1E7009E901C /* TitleDetailTableViewCell.swift in Sources */ = {isa = PBXBuildFile; fileRef = 48FC0EB72301D1E7009E901C /* TitleDetailTableViewCell.swift */; };
		48FC0ED52301D1E7009E901C /* PlaylistsViewModel.swift in Sources */ = {isa = PBXBuildFile; fileRef = 48FC0EB92301D1E7009E901C /* PlaylistsViewModel.swift */; };
		48FC0ED62301D1E7009E901C /* PlaylistsTableViewController.swift in Sources */ = {isa = PBXBuildFile; fileRef = 48FC0EBA2301D1E7009E901C /* PlaylistsTableViewController.swift */; };
		48FC0ED82301D1E7009E901C /* PlaylistContainerViewController.swift in Sources */ = {isa = PBXBuildFile; fileRef = 48FC0EBF2301D1E7009E901C /* PlaylistContainerViewController.swift */; };
		48FC0ED92301D1E7009E901C /* PlaylistDetailViewController.swift in Sources */ = {isa = PBXBuildFile; fileRef = 48FC0EC12301D1E7009E901C /* PlaylistDetailViewController.swift */; };
		48FC0EDA2301D1E7009E901C /* PlaylistDetailView.swift in Sources */ = {isa = PBXBuildFile; fileRef = 48FC0EC22301D1E7009E901C /* PlaylistDetailView.swift */; };
		48FC0EDB2301D1E7009E901C /* PlaylistDetailViewModel.swift in Sources */ = {isa = PBXBuildFile; fileRef = 48FC0EC32301D1E7009E901C /* PlaylistDetailViewModel.swift */; };
		48FC0EDC2301D1E7009E901C /* PlaylistContainerViewModel.swift in Sources */ = {isa = PBXBuildFile; fileRef = 48FC0EC42301D1E7009E901C /* PlaylistContainerViewModel.swift */; };
		48FC0EDD2301D1E7009E901C /* PlaylistContainerView.swift in Sources */ = {isa = PBXBuildFile; fileRef = 48FC0EC52301D1E7009E901C /* PlaylistContainerView.swift */; };
		48FC0EE02301D2B7009E901C /* ErrorKit in Frameworks */ = {isa = PBXBuildFile; productRef = 48FC0EDF2301D2B7009E901C /* ErrorKit */; };
		48FC0EE22301D2B7009E901C /* ObserverKit in Frameworks */ = {isa = PBXBuildFile; productRef = 48FC0EE12301D2B7009E901C /* ObserverKit */; };
		48FC0EE42301D2B7009E901C /* PlaylistKit in Frameworks */ = {isa = PBXBuildFile; productRef = 48FC0EE32301D2B7009E901C /* PlaylistKit */; };
		48FC0F0D23033B4C009E901C /* SongLinkIntermediate.swift in Sources */ = {isa = PBXBuildFile; fileRef = 48FC0F0C23033B4C009E901C /* SongLinkIntermediate.swift */; };
/* End PBXBuildFile section */

/* Begin PBXContainerItemProxy section */
		48FC0E7F2301D003009E901C /* PBXContainerItemProxy */ = {
			isa = PBXContainerItemProxy;
			containerPortal = 48FC0E5D2301D002009E901C /* Project object */;
			proxyType = 1;
			remoteGlobalIDString = 48FC0E642301D002009E901C;
			remoteInfo = Scapes;
		};
		48FC0E8A2301D004009E901C /* PBXContainerItemProxy */ = {
			isa = PBXContainerItemProxy;
			containerPortal = 48FC0E5D2301D002009E901C /* Project object */;
			proxyType = 1;
			remoteGlobalIDString = 48FC0E642301D002009E901C;
			remoteInfo = Scapes;
		};
/* End PBXContainerItemProxy section */

/* Begin PBXFileReference section */
		4809B93223034B0700750CA0 /* SongLinkKit */ = {isa = PBXFileReference; lastKnownFileType = folder; path = SongLinkKit; sourceTree = "<group>"; };
		4809B93523071D0300750CA0 /* README.md */ = {isa = PBXFileReference; fileEncoding = 4; lastKnownFileType = net.daringfireball.markdown; path = README.md; sourceTree = "<group>"; };
		4809B9372308328500750CA0 /* PlaylistTableViewCell.swift */ = {isa = PBXFileReference; lastKnownFileType = sourcecode.swift; path = PlaylistTableViewCell.swift; sourceTree = "<group>"; };
		4809B93A23096DDC00750CA0 /* FetchPlaylistsPlugin.swift */ = {isa = PBXFileReference; lastKnownFileType = sourcecode.swift; path = FetchPlaylistsPlugin.swift; sourceTree = "<group>"; };
		4809B93D230970ED00750CA0 /* ViewModel.swift */ = {isa = PBXFileReference; lastKnownFileType = sourcecode.swift; path = ViewModel.swift; sourceTree = "<group>"; };
		4809B93F2309746D00750CA0 /* FetchSongsPlugin.swift */ = {isa = PBXFileReference; lastKnownFileType = sourcecode.swift; path = FetchSongsPlugin.swift; sourceTree = "<group>"; };
		4809B9412309761700750CA0 /* PluginTypes.swift */ = {isa = PBXFileReference; lastKnownFileType = sourcecode.swift; path = PluginTypes.swift; sourceTree = "<group>"; };
		4809B9432309764900750CA0 /* SongsDatabasePlugin.swift */ = {isa = PBXFileReference; lastKnownFileType = sourcecode.swift; path = SongsDatabasePlugin.swift; sourceTree = "<group>"; };
		4809B94523097D2300750CA0 /* DownloadSongPlugin.swift */ = {isa = PBXFileReference; lastKnownFileType = sourcecode.swift; path = DownloadSongPlugin.swift; sourceTree = "<group>"; };
		48FC0E652301D002009E901C /* Scapes.app */ = {isa = PBXFileReference; explicitFileType = wrapper.application; includeInIndex = 0; path = Scapes.app; sourceTree = BUILT_PRODUCTS_DIR; };
		48FC0E682301D002009E901C /* AppDelegate.swift */ = {isa = PBXFileReference; lastKnownFileType = sourcecode.swift; path = AppDelegate.swift; sourceTree = "<group>"; };
		48FC0E6A2301D002009E901C /* SceneDelegate.swift */ = {isa = PBXFileReference; lastKnownFileType = sourcecode.swift; path = SceneDelegate.swift; sourceTree = "<group>"; };
		48FC0E722301D002009E901C /* Scapes.xcdatamodel */ = {isa = PBXFileReference; lastKnownFileType = wrapper.xcdatamodel; path = Scapes.xcdatamodel; sourceTree = "<group>"; };
		48FC0E742301D003009E901C /* Assets.xcassets */ = {isa = PBXFileReference; lastKnownFileType = folder.assetcatalog; path = Assets.xcassets; sourceTree = "<group>"; };
		48FC0E772301D003009E901C /* Base */ = {isa = PBXFileReference; lastKnownFileType = file.storyboard; name = Base; path = Base.lproj/LaunchScreen.storyboard; sourceTree = "<group>"; };
		48FC0E792301D003009E901C /* Info.plist */ = {isa = PBXFileReference; lastKnownFileType = text.plist.xml; path = Info.plist; sourceTree = "<group>"; };
		48FC0E7E2301D003009E901C /* ScapesTests.xctest */ = {isa = PBXFileReference; explicitFileType = wrapper.cfbundle; includeInIndex = 0; path = ScapesTests.xctest; sourceTree = BUILT_PRODUCTS_DIR; };
		48FC0E822301D003009E901C /* ScapesTests.swift */ = {isa = PBXFileReference; lastKnownFileType = sourcecode.swift; path = ScapesTests.swift; sourceTree = "<group>"; };
		48FC0E842301D003009E901C /* Info.plist */ = {isa = PBXFileReference; lastKnownFileType = text.plist.xml; path = Info.plist; sourceTree = "<group>"; };
		48FC0E892301D004009E901C /* ScapesUITests.xctest */ = {isa = PBXFileReference; explicitFileType = wrapper.cfbundle; includeInIndex = 0; path = ScapesUITests.xctest; sourceTree = BUILT_PRODUCTS_DIR; };
		48FC0E8D2301D004009E901C /* ScapesUITests.swift */ = {isa = PBXFileReference; lastKnownFileType = sourcecode.swift; path = ScapesUITests.swift; sourceTree = "<group>"; };
		48FC0E8F2301D004009E901C /* Info.plist */ = {isa = PBXFileReference; lastKnownFileType = text.plist.xml; path = Info.plist; sourceTree = "<group>"; };
		48FC0E9B2301D1BC009E901C /* PlaylistKit */ = {isa = PBXFileReference; lastKnownFileType = folder; name = PlaylistKit; path = ../scapes/PlaylistKit; sourceTree = "<group>"; };
		48FC0E9C2301D1BC009E901C /* ErrorKit */ = {isa = PBXFileReference; lastKnownFileType = folder; name = ErrorKit; path = ../scapes/ErrorKit; sourceTree = "<group>"; };
		48FC0E9D2301D1BC009E901C /* ObserverKit */ = {isa = PBXFileReference; lastKnownFileType = folder; name = ObserverKit; path = ../scapes/ObserverKit; sourceTree = "<group>"; };
		48FC0EA32301D1E6009E901C /* Playlist.swift */ = {isa = PBXFileReference; fileEncoding = 4; lastKnownFileType = sourcecode.swift; path = Playlist.swift; sourceTree = "<group>"; };
		48FC0EA82301D1E6009E901C /* Repository.swift */ = {isa = PBXFileReference; fileEncoding = 4; lastKnownFileType = sourcecode.swift; path = Repository.swift; sourceTree = "<group>"; };
		48FC0EA92301D1E6009E901C /* SongLinkRepository.swift */ = {isa = PBXFileReference; fileEncoding = 4; lastKnownFileType = sourcecode.swift; path = SongLinkRepository.swift; sourceTree = "<group>"; };
		48FC0EAB2301D1E6009E901C /* UIColor+Extension.swift */ = {isa = PBXFileReference; fileEncoding = 4; lastKnownFileType = sourcecode.swift; path = "UIColor+Extension.swift"; sourceTree = "<group>"; };
		48FC0EAC2301D1E6009E901C /* Collection+Extension.swift */ = {isa = PBXFileReference; fileEncoding = 4; lastKnownFileType = sourcecode.swift; path = "Collection+Extension.swift"; sourceTree = "<group>"; };
		48FC0EAD2301D1E6009E901C /* RepoToken.swift */ = {isa = PBXFileReference; fileEncoding = 4; lastKnownFileType = sourcecode.swift; path = RepoToken.swift; sourceTree = "<group>"; };
		48FC0EAE2301D1E6009E901C /* NSObjectProtocol+Extensions.swift */ = {isa = PBXFileReference; fileEncoding = 4; lastKnownFileType = sourcecode.swift; path = "NSObjectProtocol+Extensions.swift"; sourceTree = "<group>"; };
		48FC0EB02301D1E6009E901C /* SongLinkProvider.swift */ = {isa = PBXFileReference; fileEncoding = 4; lastKnownFileType = sourcecode.swift; path = SongLinkProvider.swift; sourceTree = "<group>"; };
		48FC0EB32301D1E6009E901C /* View+Extensions.swift */ = {isa = PBXFileReference; fileEncoding = 4; lastKnownFileType = sourcecode.swift; path = "View+Extensions.swift"; sourceTree = "<group>"; };
		48FC0EB42301D1E6009E901C /* DarkAlertController.swift */ = {isa = PBXFileReference; fileEncoding = 4; lastKnownFileType = sourcecode.swift; path = DarkAlertController.swift; sourceTree = "<group>"; };
		48FC0EB72301D1E7009E901C /* TitleDetailTableViewCell.swift */ = {isa = PBXFileReference; fileEncoding = 4; lastKnownFileType = sourcecode.swift; path = TitleDetailTableViewCell.swift; sourceTree = "<group>"; };
		48FC0EB92301D1E7009E901C /* PlaylistsViewModel.swift */ = {isa = PBXFileReference; fileEncoding = 4; lastKnownFileType = sourcecode.swift; path = PlaylistsViewModel.swift; sourceTree = "<group>"; };
		48FC0EBA2301D1E7009E901C /* PlaylistsTableViewController.swift */ = {isa = PBXFileReference; fileEncoding = 4; lastKnownFileType = sourcecode.swift; path = PlaylistsTableViewController.swift; sourceTree = "<group>"; };
		48FC0EBF2301D1E7009E901C /* PlaylistContainerViewController.swift */ = {isa = PBXFileReference; fileEncoding = 4; lastKnownFileType = sourcecode.swift; path = PlaylistContainerViewController.swift; sourceTree = "<group>"; };
		48FC0EC12301D1E7009E901C /* PlaylistDetailViewController.swift */ = {isa = PBXFileReference; fileEncoding = 4; lastKnownFileType = sourcecode.swift; path = PlaylistDetailViewController.swift; sourceTree = "<group>"; };
		48FC0EC22301D1E7009E901C /* PlaylistDetailView.swift */ = {isa = PBXFileReference; fileEncoding = 4; lastKnownFileType = sourcecode.swift; path = PlaylistDetailView.swift; sourceTree = "<group>"; };
		48FC0EC32301D1E7009E901C /* PlaylistDetailViewModel.swift */ = {isa = PBXFileReference; fileEncoding = 4; lastKnownFileType = sourcecode.swift; path = PlaylistDetailViewModel.swift; sourceTree = "<group>"; };
		48FC0EC42301D1E7009E901C /* PlaylistContainerViewModel.swift */ = {isa = PBXFileReference; fileEncoding = 4; lastKnownFileType = sourcecode.swift; path = PlaylistContainerViewModel.swift; sourceTree = "<group>"; };
		48FC0EC52301D1E7009E901C /* PlaylistContainerView.swift */ = {isa = PBXFileReference; fileEncoding = 4; lastKnownFileType = sourcecode.swift; path = PlaylistContainerView.swift; sourceTree = "<group>"; };
		48FC0F0C23033B4C009E901C /* SongLinkIntermediate.swift */ = {isa = PBXFileReference; lastKnownFileType = sourcecode.swift; path = SongLinkIntermediate.swift; sourceTree = "<group>"; };
/* End PBXFileReference section */

/* Begin PBXFrameworksBuildPhase section */
		48FC0E622301D002009E901C /* Frameworks */ = {
			isa = PBXFrameworksBuildPhase;
			buildActionMask = 2147483647;
			files = (
				4809B93423034B1100750CA0 /* SongLinkKit in Frameworks */,
				48FC0EE42301D2B7009E901C /* PlaylistKit in Frameworks */,
				48FC0EE02301D2B7009E901C /* ErrorKit in Frameworks */,
				48FC0EE22301D2B7009E901C /* ObserverKit in Frameworks */,
			);
			runOnlyForDeploymentPostprocessing = 0;
		};
		48FC0E7B2301D003009E901C /* Frameworks */ = {
			isa = PBXFrameworksBuildPhase;
			buildActionMask = 2147483647;
			files = (
			);
			runOnlyForDeploymentPostprocessing = 0;
		};
		48FC0E862301D003009E901C /* Frameworks */ = {
			isa = PBXFrameworksBuildPhase;
			buildActionMask = 2147483647;
			files = (
			);
			runOnlyForDeploymentPostprocessing = 0;
		};
/* End PBXFrameworksBuildPhase section */

/* Begin PBXGroup section */
		4809B93923096D7400750CA0 /* plugins */ = {
			isa = PBXGroup;
			children = (
				4809B93A23096DDC00750CA0 /* FetchPlaylistsPlugin.swift */,
				4809B93F2309746D00750CA0 /* FetchSongsPlugin.swift */,
				4809B9412309761700750CA0 /* PluginTypes.swift */,
				4809B9432309764900750CA0 /* SongsDatabasePlugin.swift */,
				4809B94523097D2300750CA0 /* DownloadSongPlugin.swift */,
			);
			path = plugins;
			sourceTree = "<group>";
		};
		4809B93C230970E200750CA0 /* viewmodel */ = {
			isa = PBXGroup;
			children = (
				4809B93D230970ED00750CA0 /* ViewModel.swift */,
			);
			path = viewmodel;
			sourceTree = "<group>";
		};
		48FC0E5C2301D002009E901C = {
			isa = PBXGroup;
			children = (
				4809B93523071D0300750CA0 /* README.md */,
				4809B93223034B0700750CA0 /* SongLinkKit */,
				48FC0E9C2301D1BC009E901C /* ErrorKit */,
				48FC0E9D2301D1BC009E901C /* ObserverKit */,
				48FC0E9B2301D1BC009E901C /* PlaylistKit */,
				48FC0E672301D002009E901C /* Scapes */,
				48FC0E812301D003009E901C /* ScapesTests */,
				48FC0E8C2301D004009E901C /* ScapesUITests */,
				48FC0E662301D002009E901C /* Products */,
				48FC0EDE2301D2B7009E901C /* Frameworks */,
			);
			sourceTree = "<group>";
		};
		48FC0E662301D002009E901C /* Products */ = {
			isa = PBXGroup;
			children = (
				48FC0E652301D002009E901C /* Scapes.app */,
				48FC0E7E2301D003009E901C /* ScapesTests.xctest */,
				48FC0E892301D004009E901C /* ScapesUITests.xctest */,
			);
			name = Products;
			sourceTree = "<group>";
		};
		48FC0E672301D002009E901C /* Scapes */ = {
			isa = PBXGroup;
			children = (
				48FC0E9E2301D1E6009E901C /* source */,
				48FC0E682301D002009E901C /* AppDelegate.swift */,
				48FC0E6A2301D002009E901C /* SceneDelegate.swift */,
				48FC0E742301D003009E901C /* Assets.xcassets */,
				48FC0E762301D003009E901C /* LaunchScreen.storyboard */,
				48FC0E792301D003009E901C /* Info.plist */,
				48FC0E712301D002009E901C /* Scapes.xcdatamodeld */,
			);
			path = Scapes;
			sourceTree = "<group>";
		};
		48FC0E812301D003009E901C /* ScapesTests */ = {
			isa = PBXGroup;
			children = (
				48FC0E822301D003009E901C /* ScapesTests.swift */,
				48FC0E842301D003009E901C /* Info.plist */,
			);
			path = ScapesTests;
			sourceTree = "<group>";
		};
		48FC0E8C2301D004009E901C /* ScapesUITests */ = {
			isa = PBXGroup;
			children = (
				48FC0E8D2301D004009E901C /* ScapesUITests.swift */,
				48FC0E8F2301D004009E901C /* Info.plist */,
			);
			path = ScapesUITests;
			sourceTree = "<group>";
		};
		48FC0E9E2301D1E6009E901C /* source */ = {
			isa = PBXGroup;
			children = (
				4809B93923096D7400750CA0 /* plugins */,
				48FC0E9F2301D1E6009E901C /* repository */,
				48FC0EAA2301D1E6009E901C /* util */,
				48FC0EAF2301D1E6009E901C /* provider */,
				48FC0EB12301D1E6009E901C /* libs */,
				48FC0EB52301D1E6009E901C /* view */,
			);
			name = source;
			path = ../../scapes/Scapes/source;
			sourceTree = "<group>";
		};
		48FC0E9F2301D1E6009E901C /* repository */ = {
			isa = PBXGroup;
			children = (
				48FC0EA02301D1E6009E901C /* models */,
				48FC0EA82301D1E6009E901C /* Repository.swift */,
				48FC0EA92301D1E6009E901C /* SongLinkRepository.swift */,
			);
			path = repository;
			sourceTree = "<group>";
		};
		48FC0EA02301D1E6009E901C /* models */ = {
			isa = PBXGroup;
			children = (
				48FC0EA32301D1E6009E901C /* Playlist.swift */,
				48FC0EA42301D1E6009E901C /* songLink */,
			);
			path = models;
			sourceTree = "<group>";
		};
		48FC0EA42301D1E6009E901C /* songLink */ = {
			isa = PBXGroup;
			children = (
				48FC0F0C23033B4C009E901C /* SongLinkIntermediate.swift */,
			);
			path = songLink;
			sourceTree = "<group>";
		};
		48FC0EAA2301D1E6009E901C /* util */ = {
			isa = PBXGroup;
			children = (
				48FC0EAB2301D1E6009E901C /* UIColor+Extension.swift */,
				48FC0EAC2301D1E6009E901C /* Collection+Extension.swift */,
				48FC0EAD2301D1E6009E901C /* RepoToken.swift */,
				48FC0EAE2301D1E6009E901C /* NSObjectProtocol+Extensions.swift */,
			);
			path = util;
			sourceTree = "<group>";
		};
		48FC0EAF2301D1E6009E901C /* provider */ = {
			isa = PBXGroup;
			children = (
				48FC0EB02301D1E6009E901C /* SongLinkProvider.swift */,
			);
			path = provider;
			sourceTree = "<group>";
		};
		48FC0EB12301D1E6009E901C /* libs */ = {
			isa = PBXGroup;
			children = (
				4809B93C230970E200750CA0 /* viewmodel */,
				48FC0EB22301D1E6009E901C /* view */,
			);
			path = libs;
			sourceTree = "<group>";
		};
		48FC0EB22301D1E6009E901C /* view */ = {
			isa = PBXGroup;
			children = (
				48FC0EB32301D1E6009E901C /* View+Extensions.swift */,
				48FC0EB42301D1E6009E901C /* DarkAlertController.swift */,
			);
			path = view;
			sourceTree = "<group>";
		};
		48FC0EB52301D1E6009E901C /* view */ = {
			isa = PBXGroup;
			children = (
				48FC0EB62301D1E7009E901C /* cells */,
				48FC0EB82301D1E7009E901C /* playlists */,
				48FC0EBB2301D1E7009E901C /* playlistContainer */,
			);
			path = view;
			sourceTree = "<group>";
		};
		48FC0EB62301D1E7009E901C /* cells */ = {
			isa = PBXGroup;
			children = (
				48FC0EB72301D1E7009E901C /* TitleDetailTableViewCell.swift */,
				4809B9372308328500750CA0 /* PlaylistTableViewCell.swift */,
			);
			path = cells;
			sourceTree = "<group>";
		};
		48FC0EB82301D1E7009E901C /* playlists */ = {
			isa = PBXGroup;
			children = (
				48FC0EB92301D1E7009E901C /* PlaylistsViewModel.swift */,
				48FC0EBA2301D1E7009E901C /* PlaylistsTableViewController.swift */,
			);
			path = playlists;
			sourceTree = "<group>";
		};
		48FC0EBB2301D1E7009E901C /* playlistContainer */ = {
			isa = PBXGroup;
			children = (
				48FC0EC52301D1E7009E901C /* PlaylistContainerView.swift */,
				48FC0EBF2301D1E7009E901C /* PlaylistContainerViewController.swift */,
				48FC0EC42301D1E7009E901C /* PlaylistContainerViewModel.swift */,
				48FC0EBC2301D1E7009E901C /* playlist */,
				48FC0EC02301D1E7009E901C /* playlistDetail */,
			);
			path = playlistContainer;
			sourceTree = "<group>";
		};
		48FC0EBC2301D1E7009E901C /* playlist */ = {
			isa = PBXGroup;
			children = (
			);
			path = playlist;
			sourceTree = "<group>";
		};
		48FC0EC02301D1E7009E901C /* playlistDetail */ = {
			isa = PBXGroup;
			children = (
				48FC0EC12301D1E7009E901C /* PlaylistDetailViewController.swift */,
				48FC0EC22301D1E7009E901C /* PlaylistDetailView.swift */,
				48FC0EC32301D1E7009E901C /* PlaylistDetailViewModel.swift */,
			);
			path = playlistDetail;
			sourceTree = "<group>";
		};
		48FC0EDE2301D2B7009E901C /* Frameworks */ = {
			isa = PBXGroup;
			children = (
			);
			name = Frameworks;
			sourceTree = "<group>";
		};
/* End PBXGroup section */

/* Begin PBXNativeTarget section */
		48FC0E642301D002009E901C /* Scapes */ = {
			isa = PBXNativeTarget;
			buildConfigurationList = 48FC0E922301D004009E901C /* Build configuration list for PBXNativeTarget "Scapes" */;
			buildPhases = (
				48FC0E612301D002009E901C /* Sources */,
				48FC0E622301D002009E901C /* Frameworks */,
				48FC0E632301D002009E901C /* Resources */,
			);
			buildRules = (
			);
			dependencies = (
			);
			name = Scapes;
			packageProductDependencies = (
				48FC0EDF2301D2B7009E901C /* ErrorKit */,
				48FC0EE12301D2B7009E901C /* ObserverKit */,
				48FC0EE32301D2B7009E901C /* PlaylistKit */,
				4809B93323034B1100750CA0 /* SongLinkKit */,
			);
			productName = Scapes;
			productReference = 48FC0E652301D002009E901C /* Scapes.app */;
			productType = "com.apple.product-type.application";
		};
		48FC0E7D2301D003009E901C /* ScapesTests */ = {
			isa = PBXNativeTarget;
			buildConfigurationList = 48FC0E952301D004009E901C /* Build configuration list for PBXNativeTarget "ScapesTests" */;
			buildPhases = (
				48FC0E7A2301D003009E901C /* Sources */,
				48FC0E7B2301D003009E901C /* Frameworks */,
				48FC0E7C2301D003009E901C /* Resources */,
			);
			buildRules = (
			);
			dependencies = (
				48FC0E802301D003009E901C /* PBXTargetDependency */,
			);
			name = ScapesTests;
			productName = ScapesTests;
			productReference = 48FC0E7E2301D003009E901C /* ScapesTests.xctest */;
			productType = "com.apple.product-type.bundle.unit-test";
		};
		48FC0E882301D003009E901C /* ScapesUITests */ = {
			isa = PBXNativeTarget;
			buildConfigurationList = 48FC0E982301D004009E901C /* Build configuration list for PBXNativeTarget "ScapesUITests" */;
			buildPhases = (
				48FC0E852301D003009E901C /* Sources */,
				48FC0E862301D003009E901C /* Frameworks */,
				48FC0E872301D003009E901C /* Resources */,
			);
			buildRules = (
			);
			dependencies = (
				48FC0E8B2301D004009E901C /* PBXTargetDependency */,
			);
			name = ScapesUITests;
			productName = ScapesUITests;
			productReference = 48FC0E892301D004009E901C /* ScapesUITests.xctest */;
			productType = "com.apple.product-type.bundle.ui-testing";
		};
/* End PBXNativeTarget section */

/* Begin PBXProject section */
		48FC0E5D2301D002009E901C /* Project object */ = {
			isa = PBXProject;
			attributes = {
				LastSwiftUpdateCheck = 1100;
				LastUpgradeCheck = 1100;
				ORGANIZATIONNAME = Scapes;
				TargetAttributes = {
					48FC0E642301D002009E901C = {
						CreatedOnToolsVersion = 11.0;
					};
					48FC0E7D2301D003009E901C = {
						CreatedOnToolsVersion = 11.0;
						TestTargetID = 48FC0E642301D002009E901C;
					};
					48FC0E882301D003009E901C = {
						CreatedOnToolsVersion = 11.0;
						TestTargetID = 48FC0E642301D002009E901C;
					};
				};
			};
			buildConfigurationList = 48FC0E602301D002009E901C /* Build configuration list for PBXProject "Scapes" */;
			compatibilityVersion = "Xcode 9.3";
			developmentRegion = en;
			hasScannedForEncodings = 0;
			knownRegions = (
				en,
				Base,
			);
			mainGroup = 48FC0E5C2301D002009E901C;
			productRefGroup = 48FC0E662301D002009E901C /* Products */;
			projectDirPath = "";
			projectRoot = "";
			targets = (
				48FC0E642301D002009E901C /* Scapes */,
				48FC0E7D2301D003009E901C /* ScapesTests */,
				48FC0E882301D003009E901C /* ScapesUITests */,
			);
		};
/* End PBXProject section */

/* Begin PBXResourcesBuildPhase section */
		48FC0E632301D002009E901C /* Resources */ = {
			isa = PBXResourcesBuildPhase;
			buildActionMask = 2147483647;
			files = (
				4809B93623071D0300750CA0 /* README.md in Resources */,
				48FC0E782301D003009E901C /* LaunchScreen.storyboard in Resources */,
				48FC0E752301D003009E901C /* Assets.xcassets in Resources */,
			);
			runOnlyForDeploymentPostprocessing = 0;
		};
		48FC0E7C2301D003009E901C /* Resources */ = {
			isa = PBXResourcesBuildPhase;
			buildActionMask = 2147483647;
			files = (
			);
			runOnlyForDeploymentPostprocessing = 0;
		};
		48FC0E872301D003009E901C /* Resources */ = {
			isa = PBXResourcesBuildPhase;
			buildActionMask = 2147483647;
			files = (
			);
			runOnlyForDeploymentPostprocessing = 0;
		};
/* End PBXResourcesBuildPhase section */

/* Begin PBXSourcesBuildPhase section */
		48FC0E612301D002009E901C /* Sources */ = {
			isa = PBXSourcesBuildPhase;
			buildActionMask = 2147483647;
			files = (
				4809B9442309764900750CA0 /* SongsDatabasePlugin.swift in Sources */,
				48FC0EDC2301D1E7009E901C /* PlaylistContainerViewModel.swift in Sources */,
				48FC0E692301D002009E901C /* AppDelegate.swift in Sources */,
				48FC0F0D23033B4C009E901C /* SongLinkIntermediate.swift in Sources */,
				48FC0ECE2301D1E7009E901C /* Collection+Extension.swift in Sources */,
				4809B9422309761700750CA0 /* PluginTypes.swift in Sources */,
				48FC0EDB2301D1E7009E901C /* PlaylistDetailViewModel.swift in Sources */,
				48FC0ED82301D1E7009E901C /* PlaylistContainerViewController.swift in Sources */,
				4809B93E230970ED00750CA0 /* ViewModel.swift in Sources */,
				48FC0EDA2301D1E7009E901C /* PlaylistDetailView.swift in Sources */,
				48FC0EDD2301D1E7009E901C /* PlaylistContainerView.swift in Sources */,
				48FC0E732301D002009E901C /* Scapes.xcdatamodeld in Sources */,
				48FC0ECD2301D1E7009E901C /* UIColor+Extension.swift in Sources */,
				48FC0ED62301D1E7009E901C /* PlaylistsTableViewController.swift in Sources */,
				4809B9382308328500750CA0 /* PlaylistTableViewCell.swift in Sources */,
				48FC0ECF2301D1E7009E901C /* RepoToken.swift in Sources */,
				4809B9402309746D00750CA0 /* FetchSongsPlugin.swift in Sources */,
				48FC0ED52301D1E7009E901C /* PlaylistsViewModel.swift in Sources */,
				48FC0ED32301D1E7009E901C /* DarkAlertController.swift in Sources */,
				48FC0ED92301D1E7009E901C /* PlaylistDetailViewController.swift in Sources */,
				48FC0ED22301D1E7009E901C /* View+Extensions.swift in Sources */,
				48FC0ED42301D1E7009E901C /* TitleDetailTableViewCell.swift in Sources */,
				48FC0ED12301D1E7009E901C /* SongLinkProvider.swift in Sources */,
				4809B94623097D2300750CA0 /* DownloadSongPlugin.swift in Sources */,
				4809B93B23096DDC00750CA0 /* FetchPlaylistsPlugin.swift in Sources */,
				48FC0ED02301D1E7009E901C /* NSObjectProtocol+Extensions.swift in Sources */,
				48FC0ECC2301D1E7009E901C /* SongLinkRepository.swift in Sources */,
				48FC0E6B2301D002009E901C /* SceneDelegate.swift in Sources */,
				48FC0EC72301D1E7009E901C /* Playlist.swift in Sources */,
				48FC0ECB2301D1E7009E901C /* Repository.swift in Sources */,
			);
			runOnlyForDeploymentPostprocessing = 0;
		};
		48FC0E7A2301D003009E901C /* Sources */ = {
			isa = PBXSourcesBuildPhase;
			buildActionMask = 2147483647;
			files = (
				48FC0E832301D003009E901C /* ScapesTests.swift in Sources */,
			);
			runOnlyForDeploymentPostprocessing = 0;
		};
		48FC0E852301D003009E901C /* Sources */ = {
			isa = PBXSourcesBuildPhase;
			buildActionMask = 2147483647;
			files = (
				48FC0E8E2301D004009E901C /* ScapesUITests.swift in Sources */,
			);
			runOnlyForDeploymentPostprocessing = 0;
		};
/* End PBXSourcesBuildPhase section */

/* Begin PBXTargetDependency section */
		48FC0E802301D003009E901C /* PBXTargetDependency */ = {
			isa = PBXTargetDependency;
			target = 48FC0E642301D002009E901C /* Scapes */;
			targetProxy = 48FC0E7F2301D003009E901C /* PBXContainerItemProxy */;
		};
		48FC0E8B2301D004009E901C /* PBXTargetDependency */ = {
			isa = PBXTargetDependency;
			target = 48FC0E642301D002009E901C /* Scapes */;
			targetProxy = 48FC0E8A2301D004009E901C /* PBXContainerItemProxy */;
		};
/* End PBXTargetDependency section */

/* Begin PBXVariantGroup section */
		48FC0E762301D003009E901C /* LaunchScreen.storyboard */ = {
			isa = PBXVariantGroup;
			children = (
				48FC0E772301D003009E901C /* Base */,
			);
			name = LaunchScreen.storyboard;
			sourceTree = "<group>";
		};
/* End PBXVariantGroup section */

/* Begin XCBuildConfiguration section */
		48FC0E902301D004009E901C /* Debug */ = {
			isa = XCBuildConfiguration;
			buildSettings = {
				ALWAYS_SEARCH_USER_PATHS = NO;
				CLANG_ANALYZER_NONNULL = YES;
				CLANG_ANALYZER_NUMBER_OBJECT_CONVERSION = YES_AGGRESSIVE;
				CLANG_CXX_LANGUAGE_STANDARD = "gnu++14";
				CLANG_CXX_LIBRARY = "libc++";
				CLANG_ENABLE_MODULES = YES;
				CLANG_ENABLE_OBJC_ARC = YES;
				CLANG_ENABLE_OBJC_WEAK = YES;
				CLANG_WARN_BLOCK_CAPTURE_AUTORELEASING = YES;
				CLANG_WARN_BOOL_CONVERSION = YES;
				CLANG_WARN_COMMA = YES;
				CLANG_WARN_CONSTANT_CONVERSION = YES;
				CLANG_WARN_DEPRECATED_OBJC_IMPLEMENTATIONS = YES;
				CLANG_WARN_DIRECT_OBJC_ISA_USAGE = YES_ERROR;
				CLANG_WARN_DOCUMENTATION_COMMENTS = YES;
				CLANG_WARN_EMPTY_BODY = YES;
				CLANG_WARN_ENUM_CONVERSION = YES;
				CLANG_WARN_INFINITE_RECURSION = YES;
				CLANG_WARN_INT_CONVERSION = YES;
				CLANG_WARN_NON_LITERAL_NULL_CONVERSION = YES;
				CLANG_WARN_OBJC_IMPLICIT_RETAIN_SELF = YES;
				CLANG_WARN_OBJC_LITERAL_CONVERSION = YES;
				CLANG_WARN_OBJC_ROOT_CLASS = YES_ERROR;
				CLANG_WARN_RANGE_LOOP_ANALYSIS = YES;
				CLANG_WARN_STRICT_PROTOTYPES = YES;
				CLANG_WARN_SUSPICIOUS_MOVE = YES;
				CLANG_WARN_UNGUARDED_AVAILABILITY = YES_AGGRESSIVE;
				CLANG_WARN_UNREACHABLE_CODE = YES;
				CLANG_WARN__DUPLICATE_METHOD_MATCH = YES;
				COPY_PHASE_STRIP = NO;
				DEBUG_INFORMATION_FORMAT = dwarf;
				ENABLE_STRICT_OBJC_MSGSEND = YES;
				ENABLE_TESTABILITY = YES;
				GCC_C_LANGUAGE_STANDARD = gnu11;
				GCC_DYNAMIC_NO_PIC = NO;
				GCC_NO_COMMON_BLOCKS = YES;
				GCC_OPTIMIZATION_LEVEL = 0;
				GCC_PREPROCESSOR_DEFINITIONS = (
					"DEBUG=1",
					"$(inherited)",
				);
				GCC_WARN_64_TO_32_BIT_CONVERSION = YES;
				GCC_WARN_ABOUT_RETURN_TYPE = YES_ERROR;
				GCC_WARN_UNDECLARED_SELECTOR = YES;
				GCC_WARN_UNINITIALIZED_AUTOS = YES_AGGRESSIVE;
				GCC_WARN_UNUSED_FUNCTION = YES;
				GCC_WARN_UNUSED_VARIABLE = YES;
				IPHONEOS_DEPLOYMENT_TARGET = 13.0;
				MTL_ENABLE_DEBUG_INFO = INCLUDE_SOURCE;
				MTL_FAST_MATH = YES;
				ONLY_ACTIVE_ARCH = YES;
				SDKROOT = iphoneos;
				SWIFT_ACTIVE_COMPILATION_CONDITIONS = DEBUG;
				SWIFT_OPTIMIZATION_LEVEL = "-Onone";
			};
			name = Debug;
		};
		48FC0E912301D004009E901C /* Release */ = {
			isa = XCBuildConfiguration;
			buildSettings = {
				ALWAYS_SEARCH_USER_PATHS = NO;
				CLANG_ANALYZER_NONNULL = YES;
				CLANG_ANALYZER_NUMBER_OBJECT_CONVERSION = YES_AGGRESSIVE;
				CLANG_CXX_LANGUAGE_STANDARD = "gnu++14";
				CLANG_CXX_LIBRARY = "libc++";
				CLANG_ENABLE_MODULES = YES;
				CLANG_ENABLE_OBJC_ARC = YES;
				CLANG_ENABLE_OBJC_WEAK = YES;
				CLANG_WARN_BLOCK_CAPTURE_AUTORELEASING = YES;
				CLANG_WARN_BOOL_CONVERSION = YES;
				CLANG_WARN_COMMA = YES;
				CLANG_WARN_CONSTANT_CONVERSION = YES;
				CLANG_WARN_DEPRECATED_OBJC_IMPLEMENTATIONS = YES;
				CLANG_WARN_DIRECT_OBJC_ISA_USAGE = YES_ERROR;
				CLANG_WARN_DOCUMENTATION_COMMENTS = YES;
				CLANG_WARN_EMPTY_BODY = YES;
				CLANG_WARN_ENUM_CONVERSION = YES;
				CLANG_WARN_INFINITE_RECURSION = YES;
				CLANG_WARN_INT_CONVERSION = YES;
				CLANG_WARN_NON_LITERAL_NULL_CONVERSION = YES;
				CLANG_WARN_OBJC_IMPLICIT_RETAIN_SELF = YES;
				CLANG_WARN_OBJC_LITERAL_CONVERSION = YES;
				CLANG_WARN_OBJC_ROOT_CLASS = YES_ERROR;
				CLANG_WARN_RANGE_LOOP_ANALYSIS = YES;
				CLANG_WARN_STRICT_PROTOTYPES = YES;
				CLANG_WARN_SUSPICIOUS_MOVE = YES;
				CLANG_WARN_UNGUARDED_AVAILABILITY = YES_AGGRESSIVE;
				CLANG_WARN_UNREACHABLE_CODE = YES;
				CLANG_WARN__DUPLICATE_METHOD_MATCH = YES;
				COPY_PHASE_STRIP = NO;
				DEBUG_INFORMATION_FORMAT = "dwarf-with-dsym";
				ENABLE_NS_ASSERTIONS = NO;
				ENABLE_STRICT_OBJC_MSGSEND = YES;
				GCC_C_LANGUAGE_STANDARD = gnu11;
				GCC_NO_COMMON_BLOCKS = YES;
				GCC_WARN_64_TO_32_BIT_CONVERSION = YES;
				GCC_WARN_ABOUT_RETURN_TYPE = YES_ERROR;
				GCC_WARN_UNDECLARED_SELECTOR = YES;
				GCC_WARN_UNINITIALIZED_AUTOS = YES_AGGRESSIVE;
				GCC_WARN_UNUSED_FUNCTION = YES;
				GCC_WARN_UNUSED_VARIABLE = YES;
				IPHONEOS_DEPLOYMENT_TARGET = 13.0;
				MTL_ENABLE_DEBUG_INFO = NO;
				MTL_FAST_MATH = YES;
				SDKROOT = iphoneos;
				SWIFT_COMPILATION_MODE = wholemodule;
				SWIFT_OPTIMIZATION_LEVEL = "-O";
				VALIDATE_PRODUCT = YES;
			};
			name = Release;
		};
		48FC0E932301D004009E901C /* Debug */ = {
			isa = XCBuildConfiguration;
			buildSettings = {
				ASSETCATALOG_COMPILER_APPICON_NAME = AppIcon;
				CODE_SIGN_STYLE = Automatic;
				DEVELOPMENT_TEAM = YYL3H8SLE2;
				INFOPLIST_FILE = Scapes/Info.plist;
				LD_RUNPATH_SEARCH_PATHS = (
					"$(inherited)",
					"@executable_path/Frameworks",
				);
				PRODUCT_BUNDLE_IDENTIFIER = com.baumbach.scapes;
				PRODUCT_NAME = "$(TARGET_NAME)";
				SWIFT_VERSION = 5.0;
				TARGETED_DEVICE_FAMILY = "1,2";
			};
			name = Debug;
		};
		48FC0E942301D004009E901C /* Release */ = {
			isa = XCBuildConfiguration;
			buildSettings = {
				ASSETCATALOG_COMPILER_APPICON_NAME = AppIcon;
				CODE_SIGN_STYLE = Automatic;
				DEVELOPMENT_TEAM = YYL3H8SLE2;
				INFOPLIST_FILE = Scapes/Info.plist;
				LD_RUNPATH_SEARCH_PATHS = (
					"$(inherited)",
					"@executable_path/Frameworks",
				);
				PRODUCT_BUNDLE_IDENTIFIER = com.baumbach.scapes;
				PRODUCT_NAME = "$(TARGET_NAME)";
				SWIFT_VERSION = 5.0;
				TARGETED_DEVICE_FAMILY = "1,2";
			};
			name = Release;
		};
		48FC0E962301D004009E901C /* Debug */ = {
			isa = XCBuildConfiguration;
			buildSettings = {
				ALWAYS_EMBED_SWIFT_STANDARD_LIBRARIES = YES;
				BUNDLE_LOADER = "$(TEST_HOST)";
				CODE_SIGN_STYLE = Automatic;
				DEVELOPMENT_TEAM = 4GLAV3883W;
				INFOPLIST_FILE = ScapesTests/Info.plist;
				LD_RUNPATH_SEARCH_PATHS = (
					"$(inherited)",
					"@executable_path/Frameworks",
					"@loader_path/Frameworks",
				);
				PRODUCT_BUNDLE_IDENTIFIER = com.baumbach.ScapesTests;
				PRODUCT_NAME = "$(TARGET_NAME)";
				SWIFT_VERSION = 5.0;
				TARGETED_DEVICE_FAMILY = "1,2";
				TEST_HOST = "$(BUILT_PRODUCTS_DIR)/Scapes.app/Scapes";
			};
			name = Debug;
		};
		48FC0E972301D004009E901C /* Release */ = {
			isa = XCBuildConfiguration;
			buildSettings = {
				ALWAYS_EMBED_SWIFT_STANDARD_LIBRARIES = YES;
				BUNDLE_LOADER = "$(TEST_HOST)";
				CODE_SIGN_STYLE = Automatic;
				DEVELOPMENT_TEAM = 4GLAV3883W;
				INFOPLIST_FILE = ScapesTests/Info.plist;
				LD_RUNPATH_SEARCH_PATHS = (
					"$(inherited)",
					"@executable_path/Frameworks",
					"@loader_path/Frameworks",
				);
				PRODUCT_BUNDLE_IDENTIFIER = com.baumbach.ScapesTests;
				PRODUCT_NAME = "$(TARGET_NAME)";
				SWIFT_VERSION = 5.0;
				TARGETED_DEVICE_FAMILY = "1,2";
				TEST_HOST = "$(BUILT_PRODUCTS_DIR)/Scapes.app/Scapes";
			};
			name = Release;
		};
		48FC0E992301D004009E901C /* Debug */ = {
			isa = XCBuildConfiguration;
			buildSettings = {
				ALWAYS_EMBED_SWIFT_STANDARD_LIBRARIES = YES;
				CODE_SIGN_STYLE = Automatic;
				DEVELOPMENT_TEAM = 4GLAV3883W;
				INFOPLIST_FILE = ScapesUITests/Info.plist;
				LD_RUNPATH_SEARCH_PATHS = (
					"$(inherited)",
					"@executable_path/Frameworks",
					"@loader_path/Frameworks",
				);
				PRODUCT_BUNDLE_IDENTIFIER = com.baumbach.ScapesUITests;
				PRODUCT_NAME = "$(TARGET_NAME)";
				SWIFT_VERSION = 5.0;
				TARGETED_DEVICE_FAMILY = "1,2";
				TEST_TARGET_NAME = Scapes;
			};
			name = Debug;
		};
		48FC0E9A2301D004009E901C /* Release */ = {
			isa = XCBuildConfiguration;
			buildSettings = {
				ALWAYS_EMBED_SWIFT_STANDARD_LIBRARIES = YES;
				CODE_SIGN_STYLE = Automatic;
				DEVELOPMENT_TEAM = 4GLAV3883W;
				INFOPLIST_FILE = ScapesUITests/Info.plist;
				LD_RUNPATH_SEARCH_PATHS = (
					"$(inherited)",
					"@executable_path/Frameworks",
					"@loader_path/Frameworks",
				);
				PRODUCT_BUNDLE_IDENTIFIER = com.baumbach.ScapesUITests;
				PRODUCT_NAME = "$(TARGET_NAME)";
				SWIFT_VERSION = 5.0;
				TARGETED_DEVICE_FAMILY = "1,2";
				TEST_TARGET_NAME = Scapes;
			};
			name = Release;
		};
/* End XCBuildConfiguration section */

/* Begin XCConfigurationList section */
		48FC0E602301D002009E901C /* Build configuration list for PBXProject "Scapes" */ = {
			isa = XCConfigurationList;
			buildConfigurations = (
				48FC0E902301D004009E901C /* Debug */,
				48FC0E912301D004009E901C /* Release */,
			);
			defaultConfigurationIsVisible = 0;
			defaultConfigurationName = Release;
		};
		48FC0E922301D004009E901C /* Build configuration list for PBXNativeTarget "Scapes" */ = {
			isa = XCConfigurationList;
			buildConfigurations = (
				48FC0E932301D004009E901C /* Debug */,
				48FC0E942301D004009E901C /* Release */,
			);
			defaultConfigurationIsVisible = 0;
			defaultConfigurationName = Release;
		};
		48FC0E952301D004009E901C /* Build configuration list for PBXNativeTarget "ScapesTests" */ = {
			isa = XCConfigurationList;
			buildConfigurations = (
				48FC0E962301D004009E901C /* Debug */,
				48FC0E972301D004009E901C /* Release */,
			);
			defaultConfigurationIsVisible = 0;
			defaultConfigurationName = Release;
		};
		48FC0E982301D004009E901C /* Build configuration list for PBXNativeTarget "ScapesUITests" */ = {
			isa = XCConfigurationList;
			buildConfigurations = (
				48FC0E992301D004009E901C /* Debug */,
				48FC0E9A2301D004009E901C /* Release */,
			);
			defaultConfigurationIsVisible = 0;
			defaultConfigurationName = Release;
		};
/* End XCConfigurationList section */

/* Begin XCSwiftPackageProductDependency section */
		4809B93323034B1100750CA0 /* SongLinkKit */ = {
			isa = XCSwiftPackageProductDependency;
			productName = SongLinkKit;
		};
		48FC0EDF2301D2B7009E901C /* ErrorKit */ = {
			isa = XCSwiftPackageProductDependency;
			productName = ErrorKit;
		};
		48FC0EE12301D2B7009E901C /* ObserverKit */ = {
			isa = XCSwiftPackageProductDependency;
			productName = ObserverKit;
		};
		48FC0EE32301D2B7009E901C /* PlaylistKit */ = {
			isa = XCSwiftPackageProductDependency;
			productName = PlaylistKit;
		};
/* End XCSwiftPackageProductDependency section */

/* Begin XCVersionGroup section */
		48FC0E712301D002009E901C /* Scapes.xcdatamodeld */ = {
			isa = XCVersionGroup;
			children = (
				48FC0E722301D002009E901C /* Scapes.xcdatamodel */,
			);
			currentVersion = 48FC0E722301D002009E901C /* Scapes.xcdatamodel */;
			path = Scapes.xcdatamodeld;
			sourceTree = "<group>";
			versionGroupType = wrapper.xcdatamodel;
		};
/* End XCVersionGroup section */
	};
	rootObject = 48FC0E5D2301D002009E901C /* Project object */;
}
